
Microsoft Visual Studio Solution File, Format Version 12.00
# Visual Studio 15
VisualStudioVersion = 15.0.27130.0
MinimumVisualStudioVersion = 10.0.40219.1
Project("{FAE04EC0-301F-11D3-BF4B-00C04F79EFBC}") = "TigerLineScores", "TigerLineScores\TigerLineScores.csproj", "{3DBB8EFD-EA59-4BD1-B98D-E1F21FCF5B88}"
EndProject
Project("{FAE04EC0-301F-11D3-BF4B-00C04F79EFBC}") = "TLScoresLibrary", "TLScoresLibrary\TLScoresLibrary.csproj", "{47EDC4DA-16EC-4B32-82B8-2B8D9102B0B6}"
EndProject
Global
	GlobalSection(SolutionConfigurationPlatforms) = preSolution
		Debug|Any CPU = Debug|Any CPU
		Release|Any CPU = Release|Any CPU
	EndGlobalSection
	GlobalSection(ProjectConfigurationPlatforms) = postSolution
		{3DBB8EFD-EA59-4BD1-B98D-E1F21FCF5B88}.Debug|Any CPU.ActiveCfg = Debug|Any CPU
		{3DBB8EFD-EA59-4BD1-B98D-E1F21FCF5B88}.Debug|Any CPU.Build.0 = Debug|Any CPU
		{3DBB8EFD-EA59-4BD1-B98D-E1F21FCF5B88}.Release|Any CPU.ActiveCfg = Release|Any CPU
		{3DBB8EFD-EA59-4BD1-B98D-E1F21FCF5B88}.Release|Any CPU.Build.0 = Release|Any CPU
		{47EDC4DA-16EC-4B32-82B8-2B8D9102B0B6}.Debug|Any CPU.ActiveCfg = Debug|Any CPU
		{47EDC4DA-16EC-4B32-82B8-2B8D9102B0B6}.Debug|Any CPU.Build.0 = Debug|Any CPU
		{47EDC4DA-16EC-4B32-82B8-2B8D9102B0B6}.Release|Any CPU.ActiveCfg = Release|Any CPU
		{47EDC4DA-16EC-4B32-82B8-2B8D9102B0B6}.Release|Any CPU.Build.0 = Release|Any CPU
	EndGlobalSection
	GlobalSection(SolutionProperties) = preSolution
		HideSolutionNode = FALSE
	EndGlobalSection
	GlobalSection(ExtensibilityGlobals) = postSolution
		SolutionGuid = {81A3C4F5-A19B-43E0-B9D8-5A5F8C205F95}
	EndGlobalSection
EndGlobal
