
Microsoft Visual Studio Solution File, Format Version 12.00
# Visual Studio Express 14 for Web
VisualStudioVersion = 14.0.25420.1
MinimumVisualStudioVersion = 10.0.40219.1
Project("{FAE04EC0-301F-11D3-BF4B-00C04F79EFBC}") = "TigerLineScores", "TigerLineScores\TigerLineScores.csproj", "{3DBB8EFD-EA59-4BD1-B98D-E1F21FCF5B88}"
EndProject
Project("{FAE04EC0-301F-11D3-BF4B-00C04F79EFBC}") = "TigerLineScores.Tests", "TigerLineScores.Tests\TigerLineScores.Tests.csproj", "{95043F71-2A39-462F-999D-9CBFFCC164DD}"
EndProject
Global
	GlobalSection(SolutionConfigurationPlatforms) = preSolution
		Debug|Any CPU = Debug|Any CPU
		Release|Any CPU = Release|Any CPU
	EndGlobalSection
	GlobalSection(ProjectConfigurationPlatforms) = postSolution
		{3DBB8EFD-EA59-4BD1-B98D-E1F21FCF5B88}.Debug|Any CPU.ActiveCfg = Debug|Any CPU
		{3DBB8EFD-EA59-4BD1-B98D-E1F21FCF5B88}.Debug|Any CPU.Build.0 = Debug|Any CPU
		{3DBB8EFD-EA59-4BD1-B98D-E1F21FCF5B88}.Release|Any CPU.ActiveCfg = Release|Any CPU
		{3DBB8EFD-EA59-4BD1-B98D-E1F21FCF5B88}.Release|Any CPU.Build.0 = Release|Any CPU
		{95043F71-2A39-462F-999D-9CBFFCC164DD}.Debug|Any CPU.ActiveCfg = Debug|Any CPU
		{95043F71-2A39-462F-999D-9CBFFCC164DD}.Debug|Any CPU.Build.0 = Debug|Any CPU
		{95043F71-2A39-462F-999D-9CBFFCC164DD}.Release|Any CPU.ActiveCfg = Release|Any CPU
		{95043F71-2A39-462F-999D-9CBFFCC164DD}.Release|Any CPU.Build.0 = Release|Any CPU
	EndGlobalSection
	GlobalSection(SolutionProperties) = preSolution
		HideSolutionNode = FALSE
	EndGlobalSection
EndGlobal
